
Microsoft Visual Studio Solution File, Format Version 12.00
# Visual Studio Version 17
VisualStudioVersion = 17.4.33213.308
MinimumVisualStudioVersion = 10.0.40219.1
Project("{FAE04EC0-301F-11D3-BF4B-00C04F79EFBC}") = "SeleniumTest_WebSell", "SeleniumTest_WebSell\SeleniumTest_WebSell.csproj", "{E2D13AED-9448-452C-8749-0A05511FF739}"
EndProject
Global
	GlobalSection(SolutionConfigurationPlatforms) = preSolution
		Debug|Any CPU = Debug|Any CPU
		Release|Any CPU = Release|Any CPU
	EndGlobalSection
	GlobalSection(ProjectConfigurationPlatforms) = postSolution
		{E2D13AED-9448-452C-8749-0A05511FF739}.Debug|Any CPU.ActiveCfg = Debug|Any CPU
		{E2D13AED-9448-452C-8749-0A05511FF739}.Debug|Any CPU.Build.0 = Debug|Any CPU
		{E2D13AED-9448-452C-8749-0A05511FF739}.Release|Any CPU.ActiveCfg = Release|Any CPU
		{E2D13AED-9448-452C-8749-0A05511FF739}.Release|Any CPU.Build.0 = Release|Any CPU
	EndGlobalSection
	GlobalSection(SolutionProperties) = preSolution
		HideSolutionNode = FALSE
	EndGlobalSection
	GlobalSection(ExtensibilityGlobals) = postSolution
		SolutionGuid = {2933A9FE-7270-4EAC-854A-D7E7D73A3770}
	EndGlobalSection
EndGlobal
